<?xml version="1.0" encoding="utf-8"?>
<Project ToolsVersion="18.0" xmlns="http://schemas.microsoft.com/developer/msbuild/2003">
  <ItemGroup>
    <ClCompile Include="C:\Users\admin\Documents\minXfmr.cpp\src\api\minxfmr.cpp">
      <Filter>Source Files</Filter>
    </ClCompile>
    <ClCompile Include="C:\Users\admin\Documents\minXfmr.cpp\src\tensor\tensor.cpp">
      <Filter>Source Files</Filter>
    </ClCompile>
    <ClCompile Include="C:\Users\admin\Documents\minXfmr.cpp\src\backend\backend_runtime.cpp">
      <Filter>Source Files</Filter>
    </ClCompile>
    <ClCompile Include="C:\Users\admin\Documents\minXfmr.cpp\src\backend\cpu\cpu_backend.cpp">
      <Filter>Source Files</Filter>
    </ClCompile>
    <ClCompile Include="C:\Users\admin\Documents\minXfmr.cpp\src\transformer\rmsnorm.cpp">
      <Filter>Source Files</Filter>
    </ClCompile>
    <ClCompile Include="C:\Users\admin\Documents\minXfmr.cpp\src\transformer\rope.cpp">
      <Filter>Source Files</Filter>
    </ClCompile>
    <ClCompile Include="C:\Users\admin\Documents\minXfmr.cpp\src\transformer\attention.cpp">
      <Filter>Source Files</Filter>
    </ClCompile>
    <ClCompile Include="C:\Users\admin\Documents\minXfmr.cpp\src\transformer\softmax.cpp">
      <Filter>Source Files</Filter>
    </ClCompile>
    <ClCompile Include="C:\Users\admin\Documents\minXfmr.cpp\src\transformer\feed_forward.cpp">
      <Filter>Source Files</Filter>
    </ClCompile>
    <ClCompile Include="C:\Users\admin\Documents\minXfmr.cpp\src\transformer\transformer.cpp">
      <Filter>Source Files</Filter>
    </ClCompile>
    <ClCompile Include="C:\Users\admin\Documents\minXfmr.cpp\src\tokenizer\tokenizer.cpp">
      <Filter>Source Files</Filter>
    </ClCompile>
    <ClCompile Include="C:\Users\admin\Documents\minXfmr.cpp\src\cache\kv_cache.cpp">
      <Filter>Source Files</Filter>
    </ClCompile>
    <ClCompile Include="C:\Users\admin\Documents\minXfmr.cpp\src\io\gguf_loader.cpp">
      <Filter>Source Files</Filter>
    </ClCompile>
    <ClCompile Include="C:\Users\admin\Documents\minXfmr.cpp\third_party\gguf\gguf_stub.cpp">
      <Filter>Source Files</Filter>
    </ClCompile>
    <ClCompile Include="C:\Users\admin\Documents\minXfmr.cpp\third_party\gguf\gguf_reader.cpp">
      <Filter>Source Files</Filter>
    </ClCompile>
  </ItemGroup>
  <ItemGroup>
    <CudaCompile Include="..\..\src\backend\cuda\cuda_backend.cu">
      <Filter>Source Files</Filter>
    </CudaCompile>
  </ItemGroup>
  <ItemGroup>
    <CustomBuild Include="C:\Users\admin\Documents\minXfmr.cpp\src\CMakeLists.txt" />
  </ItemGroup>
  <ItemGroup>
    <Filter Include="Source Files">
      <UniqueIdentifier>{0EE45F29-D0CD-317B-A2BB-F60E95CAAE3F}</UniqueIdentifier>
    </Filter>
  </ItemGroup>
</Project>
